
Microsoft Visual Studio Solution File, Format Version 12.00
# Visual Studio Version 17
VisualStudioVersion = 17.0.31903.59
MinimumVisualStudioVersion = 10.0.40219.1
Project("{2150E333-8FDC-42A3-9474-1A3956D46DE8}") = "src", "src", "{827E0CD3-B72D-47B6-A68D-7590B98EB39B}"
EndProject
Project("{FAE04EC0-301F-11D3-BF4B-00C04F79EFBC}") = "WarehouseX.Api", "src\WarehouseX.Api\WarehouseX.Api.csproj", "{ADC62E63-948D-4440-AAF8-64640FE7D54A}"
EndProject
Project("{FAE04EC0-301F-11D3-BF4B-00C04F79EFBC}") = "WarehouseX.Domain", "src\WarehouseX.Domain\WarehouseX.Domain.csproj", "{B813EE5F-16B6-45BD-8312-290CD8FEF63D}"
EndProject
Project("{FAE04EC0-301F-11D3-BF4B-00C04F79EFBC}") = "WarehouseX.Application", "src\WarehouseX.Application\WarehouseX.Application.csproj", "{4EA53C3E-B2C7-4EF9-AAB2-B220E11EEAC1}"
EndProject
Project("{FAE04EC0-301F-11D3-BF4B-00C04F79EFBC}") = "WarehouseX.Infrastructure", "src\WarehouseX.Infrastructure\WarehouseX.Infrastructure.csproj", "{D61C7020-2666-4EFB-BEF9-DCD2C094AB9F}"
EndProject
Project("{2150E333-8FDC-42A3-9474-1A3956D46DE8}") = "tests", "tests", "{0AB3BF05-4346-4AA6-1389-037BE0695223}"
EndProject
Project("{FAE04EC0-301F-11D3-BF4B-00C04F79EFBC}") = "WarehouseX.Tests.Unit", "tests\WarehouseX.Tests.Unit\WarehouseX.Tests.Unit.csproj", "{E29FD7EA-ADA4-4AE0-A4A7-554D3CAAE5D6}"
EndProject
Project("{FAE04EC0-301F-11D3-BF4B-00C04F79EFBC}") = "WarehouseX.Tests.Integration", "tests\WarehouseX.Tests.Integration\WarehouseX.Tests.Integration.csproj", "{1645808C-EA16-4068-A871-1DA3A7E5EEF7}"
EndProject
Global
	GlobalSection(SolutionConfigurationPlatforms) = preSolution
		Debug|Any CPU = Debug|Any CPU
		Debug|x64 = Debug|x64
		Debug|x86 = Debug|x86
		Release|Any CPU = Release|Any CPU
		Release|x64 = Release|x64
		Release|x86 = Release|x86
	EndGlobalSection
	GlobalSection(ProjectConfigurationPlatforms) = postSolution
		{ADC62E63-948D-4440-AAF8-64640FE7D54A}.Debug|Any CPU.ActiveCfg = Debug|Any CPU
		{ADC62E63-948D-4440-AAF8-64640FE7D54A}.Debug|Any CPU.Build.0 = Debug|Any CPU
		{ADC62E63-948D-4440-AAF8-64640FE7D54A}.Debug|x64.ActiveCfg = Debug|Any CPU
		{ADC62E63-948D-4440-AAF8-64640FE7D54A}.Debug|x64.Build.0 = Debug|Any CPU
		{ADC62E63-948D-4440-AAF8-64640FE7D54A}.Debug|x86.ActiveCfg = Debug|Any CPU
		{ADC62E63-948D-4440-AAF8-64640FE7D54A}.Debug|x86.Build.0 = Debug|Any CPU
		{ADC62E63-948D-4440-AAF8-64640FE7D54A}.Release|Any CPU.ActiveCfg = Release|Any CPU
		{ADC62E63-948D-4440-AAF8-64640FE7D54A}.Release|Any CPU.Build.0 = Release|Any CPU
		{ADC62E63-948D-4440-AAF8-64640FE7D54A}.Release|x64.ActiveCfg = Release|Any CPU
		{ADC62E63-948D-4440-AAF8-64640FE7D54A}.Release|x64.Build.0 = Release|Any CPU
		{ADC62E63-948D-4440-AAF8-64640FE7D54A}.Release|x86.ActiveCfg = Release|Any CPU
		{ADC62E63-948D-4440-AAF8-64640FE7D54A}.Release|x86.Build.0 = Release|Any CPU
		{B813EE5F-16B6-45BD-8312-290CD8FEF63D}.Debug|Any CPU.ActiveCfg = Debug|Any CPU
		{B813EE5F-16B6-45BD-8312-290CD8FEF63D}.Debug|Any CPU.Build.0 = Debug|Any CPU
		{B813EE5F-16B6-45BD-8312-290CD8FEF63D}.Debug|x64.ActiveCfg = Debug|Any CPU
		{B813EE5F-16B6-45BD-8312-290CD8FEF63D}.Debug|x64.Build.0 = Debug|Any CPU
		{B813EE5F-16B6-45BD-8312-290CD8FEF63D}.Debug|x86.ActiveCfg = Debug|Any CPU
		{B813EE5F-16B6-45BD-8312-290CD8FEF63D}.Debug|x86.Build.0 = Debug|Any CPU
		{B813EE5F-16B6-45BD-8312-290CD8FEF63D}.Release|Any CPU.ActiveCfg = Release|Any CPU
		{B813EE5F-16B6-45BD-8312-290CD8FEF63D}.Release|Any CPU.Build.0 = Release|Any CPU
		{B813EE5F-16B6-45BD-8312-290CD8FEF63D}.Release|x64.ActiveCfg = Release|Any CPU
		{B813EE5F-16B6-45BD-8312-290CD8FEF63D}.Release|x64.Build.0 = Release|Any CPU
		{B813EE5F-16B6-45BD-8312-290CD8FEF63D}.Release|x86.ActiveCfg = Release|Any CPU
		{B813EE5F-16B6-45BD-8312-290CD8FEF63D}.Release|x86.Build.0 = Release|Any CPU
		{4EA53C3E-B2C7-4EF9-AAB2-B220E11EEAC1}.Debug|Any CPU.ActiveCfg = Debug|Any CPU
		{4EA53C3E-B2C7-4EF9-AAB2-B220E11EEAC1}.Debug|Any CPU.Build.0 = Debug|Any CPU
		{4EA53C3E-B2C7-4EF9-AAB2-B220E11EEAC1}.Debug|x64.ActiveCfg = Debug|Any CPU
		{4EA53C3E-B2C7-4EF9-AAB2-B220E11EEAC1}.Debug|x64.Build.0 = Debug|Any CPU
		{4EA53C3E-B2C7-4EF9-AAB2-B220E11EEAC1}.Debug|x86.ActiveCfg = Debug|Any CPU
		{4EA53C3E-B2C7-4EF9-AAB2-B220E11EEAC1}.Debug|x86.Build.0 = Debug|Any CPU
		{4EA53C3E-B2C7-4EF9-AAB2-B220E11EEAC1}.Release|Any CPU.ActiveCfg = Release|Any CPU
		{4EA53C3E-B2C7-4EF9-AAB2-B220E11EEAC1}.Release|Any CPU.Build.0 = Release|Any CPU
		{4EA53C3E-B2C7-4EF9-AAB2-B220E11EEAC1}.Release|x64.ActiveCfg = Release|Any CPU
		{4EA53C3E-B2C7-4EF9-AAB2-B220E11EEAC1}.Release|x64.Build.0 = Release|Any CPU
		{4EA53C3E-B2C7-4EF9-AAB2-B220E11EEAC1}.Release|x86.ActiveCfg = Release|Any CPU
		{4EA53C3E-B2C7-4EF9-AAB2-B220E11EEAC1}.Release|x86.Build.0 = Release|Any CPU
		{D61C7020-2666-4EFB-BEF9-DCD2C094AB9F}.Debug|Any CPU.ActiveCfg = Debug|Any CPU
		{D61C7020-2666-4EFB-BEF9-DCD2C094AB9F}.Debug|Any CPU.Build.0 = Debug|Any CPU
		{D61C7020-2666-4EFB-BEF9-DCD2C094AB9F}.Debug|x64.ActiveCfg = Debug|Any CPU
		{D61C7020-2666-4EFB-BEF9-DCD2C094AB9F}.Debug|x64.Build.0 = Debug|Any CPU
		{D61C7020-2666-4EFB-BEF9-DCD2C094AB9F}.Debug|x86.ActiveCfg = Debug|Any CPU
		{D61C7020-2666-4EFB-BEF9-DCD2C094AB9F}.Debug|x86.Build.0 = Debug|Any CPU
		{D61C7020-2666-4EFB-BEF9-DCD2C094AB9F}.Release|Any CPU.ActiveCfg = Release|Any CPU
		{D61C7020-2666-4EFB-BEF9-DCD2C094AB9F}.Release|Any CPU.Build.0 = Release|Any CPU
		{D61C7020-2666-4EFB-BEF9-DCD2C094AB9F}.Release|x64.ActiveCfg = Release|Any CPU
		{D61C7020-2666-4EFB-BEF9-DCD2C094AB9F}.Release|x64.Build.0 = Release|Any CPU
		{D61C7020-2666-4EFB-BEF9-DCD2C094AB9F}.Release|x86.ActiveCfg = Release|Any CPU
		{D61C7020-2666-4EFB-BEF9-DCD2C094AB9F}.Release|x86.Build.0 = Release|Any CPU
		{E29FD7EA-ADA4-4AE0-A4A7-554D3CAAE5D6}.Debug|Any CPU.ActiveCfg = Debug|Any CPU
		{E29FD7EA-ADA4-4AE0-A4A7-554D3CAAE5D6}.Debug|Any CPU.Build.0 = Debug|Any CPU
		{E29FD7EA-ADA4-4AE0-A4A7-554D3CAAE5D6}.Debug|x64.ActiveCfg = Debug|Any CPU
		{E29FD7EA-ADA4-4AE0-A4A7-554D3CAAE5D6}.Debug|x64.Build.0 = Debug|Any CPU
		{E29FD7EA-ADA4-4AE0-A4A7-554D3CAAE5D6}.Debug|x86.ActiveCfg = Debug|Any CPU
		{E29FD7EA-ADA4-4AE0-A4A7-554D3CAAE5D6}.Debug|x86.Build.0 = Debug|Any CPU
		{E29FD7EA-ADA4-4AE0-A4A7-554D3CAAE5D6}.Release|Any CPU.ActiveCfg = Release|Any CPU
		{E29FD7EA-ADA4-4AE0-A4A7-554D3CAAE5D6}.Release|Any CPU.Build.0 = Release|Any CPU
		{E29FD7EA-ADA4-4AE0-A4A7-554D3CAAE5D6}.Release|x64.ActiveCfg = Release|Any CPU
		{E29FD7EA-ADA4-4AE0-A4A7-554D3CAAE5D6}.Release|x64.Build.0 = Release|Any CPU
		{E29FD7EA-ADA4-4AE0-A4A7-554D3CAAE5D6}.Release|x86.ActiveCfg = Release|Any CPU
		{E29FD7EA-ADA4-4AE0-A4A7-554D3CAAE5D6}.Release|x86.Build.0 = Release|Any CPU
		{1645808C-EA16-4068-A871-1DA3A7E5EEF7}.Debug|Any CPU.ActiveCfg = Debug|Any CPU
		{1645808C-EA16-4068-A871-1DA3A7E5EEF7}.Debug|Any CPU.Build.0 = Debug|Any CPU
		{1645808C-EA16-4068-A871-1DA3A7E5EEF7}.Debug|x64.ActiveCfg = Debug|Any CPU
		{1645808C-EA16-4068-A871-1DA3A7E5EEF7}.Debug|x64.Build.0 = Debug|Any CPU
		{1645808C-EA16-4068-A871-1DA3A7E5EEF7}.Debug|x86.ActiveCfg = Debug|Any CPU
		{1645808C-EA16-4068-A871-1DA3A7E5EEF7}.Debug|x86.Build.0 = Debug|Any CPU
		{1645808C-EA16-4068-A871-1DA3A7E5EEF7}.Release|Any CPU.ActiveCfg = Release|Any CPU
		{1645808C-EA16-4068-A871-1DA3A7E5EEF7}.Release|Any CPU.Build.0 = Release|Any CPU
		{1645808C-EA16-4068-A871-1DA3A7E5EEF7}.Release|x64.ActiveCfg = Release|Any CPU
		{1645808C-EA16-4068-A871-1DA3A7E5EEF7}.Release|x64.Build.0 = Release|Any CPU
		{1645808C-EA16-4068-A871-1DA3A7E5EEF7}.Release|x86.ActiveCfg = Release|Any CPU
		{1645808C-EA16-4068-A871-1DA3A7E5EEF7}.Release|x86.Build.0 = Release|Any CPU
	EndGlobalSection
	GlobalSection(SolutionProperties) = preSolution
		HideSolutionNode = FALSE
	EndGlobalSection
	GlobalSection(NestedProjects) = preSolution
		{ADC62E63-948D-4440-AAF8-64640FE7D54A} = {827E0CD3-B72D-47B6-A68D-7590B98EB39B}
		{B813EE5F-16B6-45BD-8312-290CD8FEF63D} = {827E0CD3-B72D-47B6-A68D-7590B98EB39B}
		{4EA53C3E-B2C7-4EF9-AAB2-B220E11EEAC1} = {827E0CD3-B72D-47B6-A68D-7590B98EB39B}
		{D61C7020-2666-4EFB-BEF9-DCD2C094AB9F} = {827E0CD3-B72D-47B6-A68D-7590B98EB39B}
		{E29FD7EA-ADA4-4AE0-A4A7-554D3CAAE5D6} = {0AB3BF05-4346-4AA6-1389-037BE0695223}
		{1645808C-EA16-4068-A871-1DA3A7E5EEF7} = {0AB3BF05-4346-4AA6-1389-037BE0695223}
	EndGlobalSection
EndGlobal
